# This file is autogenerated, do not edit; changes may be undone by the next 'dep ensure'.


[[projects]]
  name = "github.com/byrnedo/typesafe-config"
  packages = ["parse"]
  revision = "f3443913dd30d7caf07a57ba35cf73a2ec076464"
  version = "0.1.1"

[[projects]]
  name = "github.com/gogo/protobuf"
  packages = ["gogoproto","proto","protoc-gen-gogo/descriptor"]
  revision = "1adfc126b41513cc696b209667c8656ea7aac67c"
  version = "v1.0.0"

[[projects]]
  name = "github.com/nats-io/go-nats"
  packages = [".","encoders/builtin","util"]
  revision = "d66cb54e6b7bdd93f0b28afc8450d84c780dfb68"
  version = "v1.4.0"

[[projects]]
  name = "github.com/nats-io/go-nats-streaming"
  packages = [".","pb"]
  revision = "6e620057a207bd61e992c1c5b6a2de7b6a4cb010"
  version = "v0.3.4"

[[projects]]
  name = "github.com/nats-io/nuid"
  packages = ["."]
  revision = "289cccf02c178dc782430d534e3c1f5b72af807f"
  version = "v1.0.0"

[[projects]]
  name = "github.com/pkg/errors"
  packages = ["."]
  revision = "645ef00459ed84a119197bfb8d8205042c6df63d"
  version = "v0.8.0"

[solve-meta]
  analyzer-name = "dep"
  analyzer-version = 1
  inputs-digest = "48272d8626f6103efdbd8a99fed1214cc4d86e91da0778ce8b03e66b903e5145"
  solver-name = "gps-cdcl"
  solver-version = 1
